// !$*UTF8*$!
{
	archiveVersion = 1;
	classes = {
	};
	objectVersion = 48;
	objects = {

/* Begin PBXBuildFile section */
		043EF2771FB442D500B7F505 /* AppDelegate.swift in Sources */ = {isa = PBXBuildFile; fileRef = 043EF2761FB442D500B7F505 /* AppDelegate.swift */; };
		043EF2791FB442D500B7F505 /* DropitViewController.swift in Sources */ = {isa = PBXBuildFile; fileRef = 043EF2781FB442D500B7F505 /* DropitViewController.swift */; };
		043EF27C1FB442D500B7F505 /* Main.storyboard in Resources */ = {isa = PBXBuildFile; fileRef = 043EF27A1FB442D500B7F505 /* Main.storyboard */; };
		043EF27E1FB442D500B7F505 /* Assets.xcassets in Resources */ = {isa = PBXBuildFile; fileRef = 043EF27D1FB442D500B7F505 /* Assets.xcassets */; };
		043EF2811FB442D500B7F505 /* LaunchScreen.storyboard in Resources */ = {isa = PBXBuildFile; fileRef = 043EF27F1FB442D500B7F505 /* LaunchScreen.storyboard */; };
		043EF28C1FB442D500B7F505 /* DropitTests.swift in Sources */ = {isa = PBXBuildFile; fileRef = 043EF28B1FB442D500B7F505 /* DropitTests.swift */; };
		043EF2971FB442D500B7F505 /* DropitUITests.swift in Sources */ = {isa = PBXBuildFile; fileRef = 043EF2961FB442D500B7F505 /* DropitUITests.swift */; };
/* End PBXBuildFile section */

/* Begin PBXContainerItemProxy section */
		043EF2881FB442D500B7F505 /* PBXContainerItemProxy */ = {
			isa = PBXContainerItemProxy;
			containerPortal = 043EF26B1FB442D500B7F505 /* Project object */;
			proxyType = 1;
			remoteGlobalIDString = 043EF2721FB442D500B7F505;
			remoteInfo = Dropit;
		};
		043EF2931FB442D500B7F505 /* PBXContainerItemProxy */ = {
			isa = PBXContainerItemProxy;
			containerPortal = 043EF26B1FB442D500B7F505 /* Project object */;
			proxyType = 1;
			remoteGlobalIDString = 043EF2721FB442D500B7F505;
			remoteInfo = Dropit;
		};
/* End PBXContainerItemProxy section */

/* Begin PBXFileReference section */
		043EF2731FB442D500B7F505 /* Dropit.app */ = {isa = PBXFileReference; explicitFileType = wrapper.application; includeInIndex = 0; path = Dropit.app; sourceTree = BUILT_PRODUCTS_DIR; };
		043EF2761FB442D500B7F505 /* AppDelegate.swift */ = {isa = PBXFileReference; lastKnownFileType = sourcecode.swift; path = AppDelegate.swift; sourceTree = "<group>"; };
		043EF2781FB442D500B7F505 /* DropitViewController.swift */ = {isa = PBXFileReference; lastKnownFileType = sourcecode.swift; path = DropitViewController.swift; sourceTree = "<group>"; };
		043EF27B1FB442D500B7F505 /* Base */ = {isa = PBXFileReference; lastKnownFileType = file.storyboard; name = Base; path = Base.lproj/Main.storyboard; sourceTree = "<group>"; };
		043EF27D1FB442D500B7F505 /* Assets.xcassets */ = {isa = PBXFileReference; lastKnownFileType = folder.assetcatalog; path = Assets.xcassets; sourceTree = "<group>"; };
		043EF2801FB442D500B7F505 /* Base */ = {isa = PBXFileReference; lastKnownFileType = file.storyboard; name = Base; path = Base.lproj/LaunchScreen.storyboard; sourceTree = "<group>"; };
		043EF2821FB442D500B7F505 /* Info.plist */ = {isa = PBXFileReference; lastKnownFileType = text.plist.xml; path = Info.plist; sourceTree = "<group>"; };
		043EF2871FB442D500B7F505 /* DropitTests.xctest */ = {isa = PBXFileReference; explicitFileType = wrapper.cfbundle; includeInIndex = 0; path = DropitTests.xctest; sourceTree = BUILT_PRODUCTS_DIR; };
		043EF28B1FB442D500B7F505 /* DropitTests.swift */ = {isa = PBXFileReference; lastKnownFileType = sourcecode.swift; path = DropitTests.swift; sourceTree = "<group>"; };
		043EF28D1FB442D500B7F505 /* Info.plist */ = {isa = PBXFileReference; lastKnownFileType = text.plist.xml; path = Info.plist; sourceTree = "<group>"; };
		043EF2921FB442D500B7F505 /* DropitUITests.xctest */ = {isa = PBXFileReference; explicitFileType = wrapper.cfbundle; includeInIndex = 0; path = DropitUITests.xctest; sourceTree = BUILT_PRODUCTS_DIR; };
		043EF2961FB442D500B7F505 /* DropitUITests.swift */ = {isa = PBXFileReference; lastKnownFileType = sourcecode.swift; path = DropitUITests.swift; sourceTree = "<group>"; };
		043EF2981FB442D500B7F505 /* Info.plist */ = {isa = PBXFileReference; lastKnownFileType = text.plist.xml; path = Info.plist; sourceTree = "<group>"; };
/* End PBXFileReference section */

/* Begin PBXFrameworksBuildPhase section */
		043EF2701FB442D500B7F505 /* Frameworks */ = {
			isa = PBXFrameworksBuildPhase;
			buildActionMask = 2147483647;
			files = (
			);
			runOnlyForDeploymentPostprocessing = 0;
		};
		043EF2841FB442D500B7F505 /* Frameworks */ = {
			isa = PBXFrameworksBuildPhase;
			buildActionMask = 2147483647;
			files = (
			);
			runOnlyForDeploymentPostprocessing = 0;
		};
		043EF28F1FB442D500B7F505 /* Frameworks */ = {
			isa = PBXFrameworksBuildPhase;
			buildActionMask = 2147483647;
			files = (
			);
			runOnlyForDeploymentPostprocessing = 0;
		};
/* End PBXFrameworksBuildPhase section */

/* Begin PBXGroup section */
		043EF26A1FB442D500B7F505 = {
			isa = PBXGroup;
			children = (
				043EF2751FB442D500B7F505 /* Dropit */,
				043EF2A41FB445F900B7F505 /* Support Files */,
				043EF28A1FB442D500B7F505 /* DropitTests */,
				043EF2951FB442D500B7F505 /* DropitUITests */,
				043EF2741FB442D500B7F505 /* Products */,
			);
			sourceTree = "<group>";
		};
		043EF2741FB442D500B7F505 /* Products */ = {
			isa = PBXGroup;
			children = (
				043EF2731FB442D500B7F505 /* Dropit.app */,
				043EF2871FB442D500B7F505 /* DropitTests.xctest */,
				043EF2921FB442D500B7F505 /* DropitUITests.xctest */,
			);
			name = Products;
			sourceTree = "<group>";
		};
		043EF2751FB442D500B7F505 /* Dropit */ = {
			isa = PBXGroup;
			children = (
				043EF2781FB442D500B7F505 /* DropitViewController.swift */,
				043EF27A1FB442D500B7F505 /* Main.storyboard */,
				043EF2821FB442D500B7F505 /* Info.plist */,
			);
			path = Dropit;
			sourceTree = "<group>";
		};
		043EF28A1FB442D500B7F505 /* DropitTests */ = {
			isa = PBXGroup;
			children = (
				043EF28B1FB442D500B7F505 /* DropitTests.swift */,
				043EF28D1FB442D500B7F505 /* Info.plist */,
			);
			path = DropitTests;
			sourceTree = "<group>";
		};
		043EF2951FB442D500B7F505 /* DropitUITests */ = {
			isa = PBXGroup;
			children = (
				043EF2961FB442D500B7F505 /* DropitUITests.swift */,
				043EF2981FB442D500B7F505 /* Info.plist */,
			);
			path = DropitUITests;
			sourceTree = "<group>";
		};
		043EF2A41FB445F900B7F505 /* Support Files */ = {
			isa = PBXGroup;
			children = (
				043EF2761FB442D500B7F505 /* AppDelegate.swift */,
				043EF27D1FB442D500B7F505 /* Assets.xcassets */,
				043EF27F1FB442D500B7F505 /* LaunchScreen.storyboard */,
			);
			path = "Support Files";
			sourceTree = "<group>";
		};
/* End PBXGroup section */

/* Begin PBXNativeTarget section */
		043EF2721FB442D500B7F505 /* Dropit */ = {
			isa = PBXNativeTarget;
			buildConfigurationList = 043EF29B1FB442D500B7F505 /* Build configuration list for PBXNativeTarget "Dropit" */;
			buildPhases = (
				043EF26F1FB442D500B7F505 /* Sources */,
				043EF2701FB442D500B7F505 /* Frameworks */,
				043EF2711FB442D500B7F505 /* Resources */,
			);
			buildRules = (
			);
			dependencies = (
			);
			name = Dropit;
			productName = Dropit;
			productReference = 043EF2731FB442D500B7F505 /* Dropit.app */;
			productType = "com.apple.product-type.application";
		};
		043EF2861FB442D500B7F505 /* DropitTests */ = {
			isa = PBXNativeTarget;
			buildConfigurationList = 043EF29E1FB442D500B7F505 /* Build configuration list for PBXNativeTarget "DropitTests" */;
			buildPhases = (
				043EF2831FB442D500B7F505 /* Sources */,
				043EF2841FB442D500B7F505 /* Frameworks */,
				043EF2851FB442D500B7F505 /* Resources */,
			);
			buildRules = (
			);
			dependencies = (
				043EF2891FB442D500B7F505 /* PBXTargetDependency */,
			);
			name = DropitTests;
			productName = DropitTests;
			productReference = 043EF2871FB442D500B7F505 /* DropitTests.xctest */;
			productType = "com.apple.product-type.bundle.unit-test";
		};
		043EF2911FB442D500B7F505 /* DropitUITests */ = {
			isa = PBXNativeTarget;
			buildConfigurationList = 043EF2A11FB442D500B7F505 /* Build configuration list for PBXNativeTarget "DropitUITests" */;
			buildPhases = (
				043EF28E1FB442D500B7F505 /* Sources */,
				043EF28F1FB442D500B7F505 /* Frameworks */,
				043EF2901FB442D500B7F505 /* Resources */,
			);
			buildRules = (
			);
			dependencies = (
				043EF2941FB442D500B7F505 /* PBXTargetDependency */,
			);
			name = DropitUITests;
			productName = DropitUITests;
			productReference = 043EF2921FB442D500B7F505 /* DropitUITests.xctest */;
			productType = "com.apple.product-type.bundle.ui-testing";
		};
/* End PBXNativeTarget section */

/* Begin PBXProject section */
		043EF26B1FB442D500B7F505 /* Project object */ = {
			isa = PBXProject;
			attributes = {
				LastSwiftUpdateCheck = 0900;
				LastUpgradeCheck = 0900;
				ORGANIZATIONNAME = modi;
				TargetAttributes = {
					043EF2721FB442D500B7F505 = {
						CreatedOnToolsVersion = 9.0;
						ProvisioningStyle = Automatic;
					};
					043EF2861FB442D500B7F505 = {
						CreatedOnToolsVersion = 9.0;
						ProvisioningStyle = Automatic;
						TestTargetID = 043EF2721FB442D500B7F505;
					};
					043EF2911FB442D500B7F505 = {
						CreatedOnToolsVersion = 9.0;
						ProvisioningStyle = Automatic;
						TestTargetID = 043EF2721FB442D500B7F505;
					};
				};
			};
			buildConfigurationList = 043EF26E1FB442D500B7F505 /* Build configuration list for PBXProject "Dropit" */;
			compatibilityVersion = "Xcode 8.0";
			developmentRegion = en;
			hasScannedForEncodings = 0;
			knownRegions = (
				en,
				Base,
			);
			mainGroup = 043EF26A1FB442D500B7F505;
			productRefGroup = 043EF2741FB442D500B7F505 /* Products */;
			projectDirPath = "";
			projectRoot = "";
			targets = (
				043EF2721FB442D500B7F505 /* Dropit */,
				043EF2861FB442D500B7F505 /* DropitTests */,
				043EF2911FB442D500B7F505 /* DropitUITests */,
			);
		};
/* End PBXProject section */

/* Begin PBXResourcesBuildPhase section */
		043EF2711FB442D500B7F505 /* Resources */ = {
			isa = PBXResourcesBuildPhase;
			buildActionMask = 2147483647;
			files = (
				043EF2811FB442D500B7F505 /* LaunchScreen.storyboard in Resources */,
				043EF27E1FB442D500B7F505 /* Assets.xcassets in Resources */,
				043EF27C1FB442D500B7F505 /* Main.storyboard in Resources */,
			);
			runOnlyForDeploymentPostprocessing = 0;
		};
		043EF2851FB442D500B7F505 /* Resources */ = {
			isa = PBXResourcesBuildPhase;
			buildActionMask = 2147483647;
			files = (
			);
			runOnlyForDeploymentPostprocessing = 0;
		};
		043EF2901FB442D500B7F505 /* Resources */ = {
			isa = PBXResourcesBuildPhase;
			buildActionMask = 2147483647;
			files = (
			);
			runOnlyForDeploymentPostprocessing = 0;
		};
/* End PBXResourcesBuildPhase section */

/* Begin PBXSourcesBuildPhase section */
		043EF26F1FB442D500B7F505 /* Sources */ = {
			isa = PBXSourcesBuildPhase;
			buildActionMask = 2147483647;
			files = (
				043EF2791FB442D500B7F505 /* DropitViewController.swift in Sources */,
				043EF2771FB442D500B7F505 /* AppDelegate.swift in Sources */,
			);
			runOnlyForDeploymentPostprocessing = 0;
		};
		043EF2831FB442D500B7F505 /* Sources */ = {
			isa = PBXSourcesBuildPhase;
			buildActionMask = 2147483647;
			files = (
				043EF28C1FB442D500B7F505 /* DropitTests.swift in Sources */,
			);
			runOnlyForDeploymentPostprocessing = 0;
		};
		043EF28E1FB442D500B7F505 /* Sources */ = {
			isa = PBXSourcesBuildPhase;
			buildActionMask = 2147483647;
			files = (
				043EF2971FB442D500B7F505 /* DropitUITests.swift in Sources */,
			);
			runOnlyForDeploymentPostprocessing = 0;
		};
/* End PBXSourcesBuildPhase section */

/* Begin PBXTargetDependency section */
		043EF2891FB442D500B7F505 /* PBXTargetDependency */ = {
			isa = PBXTargetDependency;
			target = 043EF2721FB442D500B7F505 /* Dropit */;
			targetProxy = 043EF2881FB442D500B7F505 /* PBXContainerItemProxy */;
		};
		043EF2941FB442D500B7F505 /* PBXTargetDependency */ = {
			isa = PBXTargetDependency;
			target = 043EF2721FB442D500B7F505 /* Dropit */;
			targetProxy = 043EF2931FB442D500B7F505 /* PBXContainerItemProxy */;
		};
/* End PBXTargetDependency section */

/* Begin PBXVariantGroup section */
		043EF27A1FB442D500B7F505 /* Main.storyboard */ = {
			isa = PBXVariantGroup;
			children = (
				043EF27B1FB442D500B7F505 /* Base */,
			);
			name = Main.storyboard;
			sourceTree = "<group>";
		};
		043EF27F1FB442D500B7F505 /* LaunchScreen.storyboard */ = {
			isa = PBXVariantGroup;
			children = (
				043EF2801FB442D500B7F505 /* Base */,
			);
			name = LaunchScreen.storyboard;
			sourceTree = "<group>";
		};
/* End PBXVariantGroup section */

/* Begin XCBuildConfiguration section */
		043EF2991FB442D500B7F505 /* Debug */ = {
			isa = XCBuildConfiguration;
			buildSettings = {
				ALWAYS_SEARCH_USER_PATHS = NO;
				CLANG_ANALYZER_NONNULL = YES;
				CLANG_ANALYZER_NUMBER_OBJECT_CONVERSION = YES_AGGRESSIVE;
				CLANG_CXX_LANGUAGE_STANDARD = "gnu++14";
				CLANG_CXX_LIBRARY = "libc++";
				CLANG_ENABLE_MODULES = YES;
				CLANG_ENABLE_OBJC_ARC = YES;
				CLANG_WARN_BLOCK_CAPTURE_AUTORELEASING = YES;
				CLANG_WARN_BOOL_CONVERSION = YES;
				CLANG_WARN_COMMA = YES;
				CLANG_WARN_CONSTANT_CONVERSION = YES;
				CLANG_WARN_DIRECT_OBJC_ISA_USAGE = YES_ERROR;
				CLANG_WARN_DOCUMENTATION_COMMENTS = YES;
				CLANG_WARN_EMPTY_BODY = YES;
				CLANG_WARN_ENUM_CONVERSION = YES;
				CLANG_WARN_INFINITE_RECURSION = YES;
				CLANG_WARN_INT_CONVERSION = YES;
				CLANG_WARN_NON_LITERAL_NULL_CONVERSION = YES;
				CLANG_WARN_OBJC_LITERAL_CONVERSION = YES;
				CLANG_WARN_OBJC_ROOT_CLASS = YES_ERROR;
				CLANG_WARN_RANGE_LOOP_ANALYSIS = YES;
				CLANG_WARN_STRICT_PROTOTYPES = YES;
				CLANG_WARN_SUSPICIOUS_MOVE = YES;
				CLANG_WARN_UNGUARDED_AVAILABILITY = YES_AGGRESSIVE;
				CLANG_WARN_UNREACHABLE_CODE = YES;
				CLANG_WARN__DUPLICATE_METHOD_MATCH = YES;
				CODE_SIGN_IDENTITY = "iPhone Developer";
				COPY_PHASE_STRIP = NO;
				DEBUG_INFORMATION_FORMAT = dwarf;
				ENABLE_STRICT_OBJC_MSGSEND = YES;
				ENABLE_TESTABILITY = YES;
				GCC_C_LANGUAGE_STANDARD = gnu11;
				GCC_DYNAMIC_NO_PIC = NO;
				GCC_NO_COMMON_BLOCKS = YES;
				GCC_OPTIMIZATION_LEVEL = 0;
				GCC_PREPROCESSOR_DEFINITIONS = (
					"DEBUG=1",
					"$(inherited)",
				);
				GCC_WARN_64_TO_32_BIT_CONVERSION = YES;
				GCC_WARN_ABOUT_RETURN_TYPE = YES_ERROR;
				GCC_WARN_UNDECLARED_SELECTOR = YES;
				GCC_WARN_UNINITIALIZED_AUTOS = YES_AGGRESSIVE;
				GCC_WARN_UNUSED_FUNCTION = YES;
				GCC_WARN_UNUSED_VARIABLE = YES;
				IPHONEOS_DEPLOYMENT_TARGET = 11.0;
				MTL_ENABLE_DEBUG_INFO = YES;
				ONLY_ACTIVE_ARCH = YES;
				SDKROOT = iphoneos;
				SWIFT_ACTIVE_COMPILATION_CONDITIONS = DEBUG;
				SWIFT_OPTIMIZATION_LEVEL = "-Onone";
			};
			name = Debug;
		};
		043EF29A1FB442D500B7F505 /* Release */ = {
			isa = XCBuildConfiguration;
			buildSettings = {
				ALWAYS_SEARCH_USER_PATHS = NO;
				CLANG_ANALYZER_NONNULL = YES;
				CLANG_ANALYZER_NUMBER_OBJECT_CONVERSION = YES_AGGRESSIVE;
				CLANG_CXX_LANGUAGE_STANDARD = "gnu++14";
				CLANG_CXX_LIBRARY = "libc++";
				CLANG_ENABLE_MODULES = YES;
				CLANG_ENABLE_OBJC_ARC = YES;
				CLANG_WARN_BLOCK_CAPTURE_AUTORELEASING = YES;
				CLANG_WARN_BOOL_CONVERSION = YES;
				CLANG_WARN_COMMA = YES;
				CLANG_WARN_CONSTANT_CONVERSION = YES;
				CLANG_WARN_DIRECT_OBJC_ISA_USAGE = YES_ERROR;
				CLANG_WARN_DOCUMENTATION_COMMENTS = YES;
				CLANG_WARN_EMPTY_BODY = YES;
				CLANG_WARN_ENUM_CONVERSION = YES;
				CLANG_WARN_INFINITE_RECURSION = YES;
				CLANG_WARN_INT_CONVERSION = YES;
				CLANG_WARN_NON_LITERAL_NULL_CONVERSION = YES;
				CLANG_WARN_OBJC_LITERAL_CONVERSION = YES;
				CLANG_WARN_OBJC_ROOT_CLASS = YES_ERROR;
				CLANG_WARN_RANGE_LOOP_ANALYSIS = YES;
				CLANG_WARN_STRICT_PROTOTYPES = YES;
				CLANG_WARN_SUSPICIOUS_MOVE = YES;
				CLANG_WARN_UNGUARDED_AVAILABILITY = YES_AGGRESSIVE;
				CLANG_WARN_UNREACHABLE_CODE = YES;
				CLANG_WARN__DUPLICATE_METHOD_MATCH = YES;
				CODE_SIGN_IDENTITY = "iPhone Developer";
				COPY_PHASE_STRIP = NO;
				DEBUG_INFORMATION_FORMAT = "dwarf-with-dsym";
				ENABLE_NS_ASSERTIONS = NO;
				ENABLE_STRICT_OBJC_MSGSEND = YES;
				GCC_C_LANGUAGE_STANDARD = gnu11;
				GCC_NO_COMMON_BLOCKS = YES;
				GCC_WARN_64_TO_32_BIT_CONVERSION = YES;
				GCC_WARN_ABOUT_RETURN_TYPE = YES_ERROR;
				GCC_WARN_UNDECLARED_SELECTOR = YES;
				GCC_WARN_UNINITIALIZED_AUTOS = YES_AGGRESSIVE;
				GCC_WARN_UNUSED_FUNCTION = YES;
				GCC_WARN_UNUSED_VARIABLE = YES;
				IPHONEOS_DEPLOYMENT_TARGET = 11.0;
				MTL_ENABLE_DEBUG_INFO = NO;
				SDKROOT = iphoneos;
				SWIFT_OPTIMIZATION_LEVEL = "-Owholemodule";
				VALIDATE_PRODUCT = YES;
			};
			name = Release;
		};
		043EF29C1FB442D500B7F505 /* Debug */ = {
			isa = XCBuildConfiguration;
			buildSettings = {
				ASSETCATALOG_COMPILER_APPICON_NAME = AppIcon;
				CODE_SIGN_STYLE = Automatic;
				INFOPLIST_FILE = Dropit/Info.plist;
				LD_RUNPATH_SEARCH_PATHS = "$(inherited) @executable_path/Frameworks";
				PRODUCT_BUNDLE_IDENTIFIER = com.modi.Dropit;
				PRODUCT_NAME = "$(TARGET_NAME)";
				SWIFT_VERSION = 4.0;
				TARGETED_DEVICE_FAMILY = "1,2";
			};
			name = Debug;
		};
		043EF29D1FB442D500B7F505 /* Release */ = {
			isa = XCBuildConfiguration;
			buildSettings = {
				ASSETCATALOG_COMPILER_APPICON_NAME = AppIcon;
				CODE_SIGN_STYLE = Automatic;
				INFOPLIST_FILE = Dropit/Info.plist;
				LD_RUNPATH_SEARCH_PATHS = "$(inherited) @executable_path/Frameworks";
				PRODUCT_BUNDLE_IDENTIFIER = com.modi.Dropit;
				PRODUCT_NAME = "$(TARGET_NAME)";
				SWIFT_VERSION = 4.0;
				TARGETED_DEVICE_FAMILY = "1,2";
			};
			name = Release;
		};
		043EF29F1FB442D500B7F505 /* Debug */ = {
			isa = XCBuildConfiguration;
			buildSettings = {
				ALWAYS_EMBED_SWIFT_STANDARD_LIBRARIES = YES;
				BUNDLE_LOADER = "$(TEST_HOST)";
				CODE_SIGN_STYLE = Automatic;
				INFOPLIST_FILE = DropitTests/Info.plist;
				LD_RUNPATH_SEARCH_PATHS = "$(inherited) @executable_path/Frameworks @loader_path/Frameworks";
				PRODUCT_BUNDLE_IDENTIFIER = com.modi.DropitTests;
				PRODUCT_NAME = "$(TARGET_NAME)";
				SWIFT_VERSION = 4.0;
				TARGETED_DEVICE_FAMILY = "1,2";
				TEST_HOST = "$(BUILT_PRODUCTS_DIR)/Dropit.app/Dropit";
			};
			name = Debug;
		};
		043EF2A01FB442D500B7F505 /* Release */ = {
			isa = XCBuildConfiguration;
			buildSettings = {
				ALWAYS_EMBED_SWIFT_STANDARD_LIBRARIES = YES;
				BUNDLE_LOADER = "$(TEST_HOST)";
				CODE_SIGN_STYLE = Automatic;
				INFOPLIST_FILE = DropitTests/Info.plist;
				LD_RUNPATH_SEARCH_PATHS = "$(inherited) @executable_path/Frameworks @loader_path/Frameworks";
				PRODUCT_BUNDLE_IDENTIFIER = com.modi.DropitTests;
				PRODUCT_NAME = "$(TARGET_NAME)";
				SWIFT_VERSION = 4.0;
				TARGETED_DEVICE_FAMILY = "1,2";
				TEST_HOST = "$(BUILT_PRODUCTS_DIR)/Dropit.app/Dropit";
			};
			name = Release;
		};
		043EF2A21FB442D500B7F505 /* Debug */ = {
			isa = XCBuildConfiguration;
			buildSettings = {
				ALWAYS_EMBED_SWIFT_STANDARD_LIBRARIES = YES;
				CODE_SIGN_STYLE = Automatic;
				INFOPLIST_FILE = DropitUITests/Info.plist;
				LD_RUNPATH_SEARCH_PATHS = "$(inherited) @executable_path/Frameworks @loader_path/Frameworks";
				PRODUCT_BUNDLE_IDENTIFIER = com.modi.DropitUITests;
				PRODUCT_NAME = "$(TARGET_NAME)";
				SWIFT_VERSION = 4.0;
				TARGETED_DEVICE_FAMILY = "1,2";
				TEST_TARGET_NAME = Dropit;
			};
			name = Debug;
		};
		043EF2A31FB442D500B7F505 /* Release */ = {
			isa = XCBuildConfiguration;
			buildSettings = {
				ALWAYS_EMBED_SWIFT_STANDARD_LIBRARIES = YES;
				CODE_SIGN_STYLE = Automatic;
				INFOPLIST_FILE = DropitUITests/Info.plist;
				LD_RUNPATH_SEARCH_PATHS = "$(inherited) @executable_path/Frameworks @loader_path/Frameworks";
				PRODUCT_BUNDLE_IDENTIFIER = com.modi.DropitUITests;
				PRODUCT_NAME = "$(TARGET_NAME)";
				SWIFT_VERSION = 4.0;
				TARGETED_DEVICE_FAMILY = "1,2";
				TEST_TARGET_NAME = Dropit;
			};
			name = Release;
		};
/* End XCBuildConfiguration section */

/* Begin XCConfigurationList section */
		043EF26E1FB442D500B7F505 /* Build configuration list for PBXProject "Dropit" */ = {
			isa = XCConfigurationList;
			buildConfigurations = (
				043EF2991FB442D500B7F505 /* Debug */,
				043EF29A1FB442D500B7F505 /* Release */,
			);
			defaultConfigurationIsVisible = 0;
			defaultConfigurationName = Release;
		};
		043EF29B1FB442D500B7F505 /* Build configuration list for PBXNativeTarget "Dropit" */ = {
			isa = XCConfigurationList;
			buildConfigurations = (
				043EF29C1FB442D500B7F505 /* Debug */,
				043EF29D1FB442D500B7F505 /* Release */,
			);
			defaultConfigurationIsVisible = 0;
			defaultConfigurationName = Release;
		};
		043EF29E1FB442D500B7F505 /* Build configuration list for PBXNativeTarget "DropitTests" */ = {
			isa = XCConfigurationList;
			buildConfigurations = (
				043EF29F1FB442D500B7F505 /* Debug */,
				043EF2A01FB442D500B7F505 /* Release */,
			);
			defaultConfigurationIsVisible = 0;
			defaultConfigurationName = Release;
		};
		043EF2A11FB442D500B7F505 /* Build configuration list for PBXNativeTarget "DropitUITests" */ = {
			isa = XCConfigurationList;
			buildConfigurations = (
				043EF2A21FB442D500B7F505 /* Debug */,
				043EF2A31FB442D500B7F505 /* Release */,
			);
			defaultConfigurationIsVisible = 0;
			defaultConfigurationName = Release;
		};
/* End XCConfigurationList section */
	};
	rootObject = 043EF26B1FB442D500B7F505 /* Project object */;
}
